
Microsoft Visual Studio Solution File, Format Version 12.00
# Visual Studio Version 17
VisualStudioVersion = 17.0.31903.59
MinimumVisualStudioVersion = 10.0.40219.1
Project("{2150E333-8FDC-42A3-9474-1A3956D46DE8}") = "src", "src", "{827E0CD3-B72D-47B6-A68D-7590B98EB39B}"
EndProject
Project("{2150E333-8FDC-42A3-9474-1A3956D46DE8}") = "BuildingBlocks", "BuildingBlocks", "{90298CBA-BD6F-3A0A-69D5-97CAD7B05E7E}"
EndProject
Project("{FAE04EC0-301F-11D3-BF4B-00C04F79EFBC}") = "GRC.BuildingBlocks.Domain", "src\BuildingBlocks\GRC.BuildingBlocks.Domain\GRC.BuildingBlocks.Domain.csproj", "{4C5D6F84-10E3-4F07-9508-7B9D3A4CDF7A}"
EndProject
Project("{FAE04EC0-301F-11D3-BF4B-00C04F79EFBC}") = "GRC.BuildingBlocks.EventBus", "src\BuildingBlocks\GRC.BuildingBlocks.EventBus\GRC.BuildingBlocks.EventBus.csproj", "{26D92400-A533-402B-997C-66C397E2B6C0}"
EndProject
Project("{FAE04EC0-301F-11D3-BF4B-00C04F79EFBC}") = "GRC.BuildingBlocks.IntegrationEvents", "src\BuildingBlocks\GRC.BuildingBlocks.IntegrationEvents\GRC.BuildingBlocks.IntegrationEvents.csproj", "{838DD767-6842-4F44-BA0B-F8F16C5C3106}"
EndProject
Project("{FAE04EC0-301F-11D3-BF4B-00C04F79EFBC}") = "GRC.BuildingBlocks.Infrastructure", "src\BuildingBlocks\GRC.BuildingBlocks.Infrastructure\GRC.BuildingBlocks.Infrastructure.csproj", "{7A84EB10-0AE3-46D2-B775-53768270D454}"
EndProject
Project("{2150E333-8FDC-42A3-9474-1A3956D46DE8}") = "Services", "Services", "{984BB9B3-3FA3-BE33-9484-CAC21695A33C}"
EndProject
Project("{2150E333-8FDC-42A3-9474-1A3956D46DE8}") = "Identity", "Identity", "{1BFC9479-12BF-35C3-06B8-42D89D95092B}"
EndProject
Project("{FAE04EC0-301F-11D3-BF4B-00C04F79EFBC}") = "GRC.Identity.Domain", "src\Services\Identity\GRC.Identity.Domain\GRC.Identity.Domain.csproj", "{A1DDB859-B843-4E55-A3D8-A4C1DABD012B}"
EndProject
Project("{FAE04EC0-301F-11D3-BF4B-00C04F79EFBC}") = "GRC.Identity.Application", "src\Services\Identity\GRC.Identity.Application\GRC.Identity.Application.csproj", "{5FC0F3C0-8619-4B18-95FF-EE3D5258CF04}"
EndProject
Project("{FAE04EC0-301F-11D3-BF4B-00C04F79EFBC}") = "GRC.Identity.Infrastructure", "src\Services\Identity\GRC.Identity.Infrastructure\GRC.Identity.Infrastructure.csproj", "{A5829DB9-83E2-4458-A453-0A0E1FFFAF9E}"
EndProject
Project("{FAE04EC0-301F-11D3-BF4B-00C04F79EFBC}") = "GRC.Identity.API", "src\Services\Identity\GRC.Identity.API\GRC.Identity.API.csproj", "{7C5F8CAE-16DD-4B6D-8388-5117865343C1}"
EndProject
Project("{FAE04EC0-301F-11D3-BF4B-00C04F79EFBC}") = "GRC.Identity.Tests", "src\Services\Identity\GRC.Identity.Tests\GRC.Identity.Tests.csproj", "{500514A8-1D30-4F77-9863-BEC3BDF243BA}"
EndProject
Project("{2150E333-8FDC-42A3-9474-1A3956D46DE8}") = "Governance", "Governance", "{02EA681E-C7D8-13C7-8484-4AC65E1B71E8}"
EndProject
Project("{FAE04EC0-301F-11D3-BF4B-00C04F79EFBC}") = "GRC.Governance.Domain", "src\Services\Governance\GRC.Governance.Domain\GRC.Governance.Domain.csproj", "{1646B5B6-154D-462F-A603-81046AE82B6F}"
EndProject
Project("{FAE04EC0-301F-11D3-BF4B-00C04F79EFBC}") = "GRC.Governance.Application", "src\Services\Governance\GRC.Governance.Application\GRC.Governance.Application.csproj", "{8EFD4711-DAB8-41F3-A816-A6C6A2C83ED6}"
EndProject
Project("{FAE04EC0-301F-11D3-BF4B-00C04F79EFBC}") = "GRC.Governance.Infrastructure", "src\Services\Governance\GRC.Governance.Infrastructure\GRC.Governance.Infrastructure.csproj", "{B299EB99-AAE6-405F-9B1F-94FDF5F3A859}"
EndProject
Project("{FAE04EC0-301F-11D3-BF4B-00C04F79EFBC}") = "GRC.Governance.API", "src\Services\Governance\GRC.Governance.API\GRC.Governance.API.csproj", "{17AC886D-C6D2-4045-B95B-B9A3BCD6009F}"
EndProject
Project("{FAE04EC0-301F-11D3-BF4B-00C04F79EFBC}") = "GRC.Governance.Tests", "src\Services\Governance\GRC.Governance.Tests\GRC.Governance.Tests.csproj", "{D081981E-E0EA-4896-AAEC-FBE40348358C}"
EndProject
Project("{2150E333-8FDC-42A3-9474-1A3956D46DE8}") = "Risk", "Risk", "{B61DE3E2-6B97-4097-B0A3-69E0B64155F9}"
EndProject
Project("{FAE04EC0-301F-11D3-BF4B-00C04F79EFBC}") = "GRC.Risk.Domain", "GRC.Risk.Domain\GRC.Risk.Domain.csproj", "{CD245506-E8BC-401C-A3D6-3E2460AB5771}"
EndProject
Project("{FAE04EC0-301F-11D3-BF4B-00C04F79EFBC}") = "GRC.Risk.Application", "GRC.Risk.Application\GRC.Risk.Application.csproj", "{EB1B5F8D-6A95-46C2-9D8A-A60D39C36AF0}"
EndProject
Global
	GlobalSection(SolutionConfigurationPlatforms) = preSolution
		Debug|Any CPU = Debug|Any CPU
		Debug|x64 = Debug|x64
		Debug|x86 = Debug|x86
		Release|Any CPU = Release|Any CPU
		Release|x64 = Release|x64
		Release|x86 = Release|x86
	EndGlobalSection
	GlobalSection(ProjectConfigurationPlatforms) = postSolution
		{4C5D6F84-10E3-4F07-9508-7B9D3A4CDF7A}.Debug|Any CPU.ActiveCfg = Debug|Any CPU
		{4C5D6F84-10E3-4F07-9508-7B9D3A4CDF7A}.Debug|Any CPU.Build.0 = Debug|Any CPU
		{4C5D6F84-10E3-4F07-9508-7B9D3A4CDF7A}.Debug|x64.ActiveCfg = Debug|Any CPU
		{4C5D6F84-10E3-4F07-9508-7B9D3A4CDF7A}.Debug|x64.Build.0 = Debug|Any CPU
		{4C5D6F84-10E3-4F07-9508-7B9D3A4CDF7A}.Debug|x86.ActiveCfg = Debug|Any CPU
		{4C5D6F84-10E3-4F07-9508-7B9D3A4CDF7A}.Debug|x86.Build.0 = Debug|Any CPU
		{4C5D6F84-10E3-4F07-9508-7B9D3A4CDF7A}.Release|Any CPU.ActiveCfg = Release|Any CPU
		{4C5D6F84-10E3-4F07-9508-7B9D3A4CDF7A}.Release|Any CPU.Build.0 = Release|Any CPU
		{4C5D6F84-10E3-4F07-9508-7B9D3A4CDF7A}.Release|x64.ActiveCfg = Release|Any CPU
		{4C5D6F84-10E3-4F07-9508-7B9D3A4CDF7A}.Release|x64.Build.0 = Release|Any CPU
		{4C5D6F84-10E3-4F07-9508-7B9D3A4CDF7A}.Release|x86.ActiveCfg = Release|Any CPU
		{4C5D6F84-10E3-4F07-9508-7B9D3A4CDF7A}.Release|x86.Build.0 = Release|Any CPU
		{26D92400-A533-402B-997C-66C397E2B6C0}.Debug|Any CPU.ActiveCfg = Debug|Any CPU
		{26D92400-A533-402B-997C-66C397E2B6C0}.Debug|Any CPU.Build.0 = Debug|Any CPU
		{26D92400-A533-402B-997C-66C397E2B6C0}.Debug|x64.ActiveCfg = Debug|Any CPU
		{26D92400-A533-402B-997C-66C397E2B6C0}.Debug|x64.Build.0 = Debug|Any CPU
		{26D92400-A533-402B-997C-66C397E2B6C0}.Debug|x86.ActiveCfg = Debug|Any CPU
		{26D92400-A533-402B-997C-66C397E2B6C0}.Debug|x86.Build.0 = Debug|Any CPU
		{26D92400-A533-402B-997C-66C397E2B6C0}.Release|Any CPU.ActiveCfg = Release|Any CPU
		{26D92400-A533-402B-997C-66C397E2B6C0}.Release|Any CPU.Build.0 = Release|Any CPU
		{26D92400-A533-402B-997C-66C397E2B6C0}.Release|x64.ActiveCfg = Release|Any CPU
		{26D92400-A533-402B-997C-66C397E2B6C0}.Release|x64.Build.0 = Release|Any CPU
		{26D92400-A533-402B-997C-66C397E2B6C0}.Release|x86.ActiveCfg = Release|Any CPU
		{26D92400-A533-402B-997C-66C397E2B6C0}.Release|x86.Build.0 = Release|Any CPU
		{838DD767-6842-4F44-BA0B-F8F16C5C3106}.Debug|Any CPU.ActiveCfg = Debug|Any CPU
		{838DD767-6842-4F44-BA0B-F8F16C5C3106}.Debug|Any CPU.Build.0 = Debug|Any CPU
		{838DD767-6842-4F44-BA0B-F8F16C5C3106}.Debug|x64.ActiveCfg = Debug|Any CPU
		{838DD767-6842-4F44-BA0B-F8F16C5C3106}.Debug|x64.Build.0 = Debug|Any CPU
		{838DD767-6842-4F44-BA0B-F8F16C5C3106}.Debug|x86.ActiveCfg = Debug|Any CPU
		{838DD767-6842-4F44-BA0B-F8F16C5C3106}.Debug|x86.Build.0 = Debug|Any CPU
		{838DD767-6842-4F44-BA0B-F8F16C5C3106}.Release|Any CPU.ActiveCfg = Release|Any CPU
		{838DD767-6842-4F44-BA0B-F8F16C5C3106}.Release|Any CPU.Build.0 = Release|Any CPU
		{838DD767-6842-4F44-BA0B-F8F16C5C3106}.Release|x64.ActiveCfg = Release|Any CPU
		{838DD767-6842-4F44-BA0B-F8F16C5C3106}.Release|x64.Build.0 = Release|Any CPU
		{838DD767-6842-4F44-BA0B-F8F16C5C3106}.Release|x86.ActiveCfg = Release|Any CPU
		{838DD767-6842-4F44-BA0B-F8F16C5C3106}.Release|x86.Build.0 = Release|Any CPU
		{7A84EB10-0AE3-46D2-B775-53768270D454}.Debug|Any CPU.ActiveCfg = Debug|Any CPU
		{7A84EB10-0AE3-46D2-B775-53768270D454}.Debug|Any CPU.Build.0 = Debug|Any CPU
		{7A84EB10-0AE3-46D2-B775-53768270D454}.Debug|x64.ActiveCfg = Debug|Any CPU
		{7A84EB10-0AE3-46D2-B775-53768270D454}.Debug|x64.Build.0 = Debug|Any CPU
		{7A84EB10-0AE3-46D2-B775-53768270D454}.Debug|x86.ActiveCfg = Debug|Any CPU
		{7A84EB10-0AE3-46D2-B775-53768270D454}.Debug|x86.Build.0 = Debug|Any CPU
		{7A84EB10-0AE3-46D2-B775-53768270D454}.Release|Any CPU.ActiveCfg = Release|Any CPU
		{7A84EB10-0AE3-46D2-B775-53768270D454}.Release|Any CPU.Build.0 = Release|Any CPU
		{7A84EB10-0AE3-46D2-B775-53768270D454}.Release|x64.ActiveCfg = Release|Any CPU
		{7A84EB10-0AE3-46D2-B775-53768270D454}.Release|x64.Build.0 = Release|Any CPU
		{7A84EB10-0AE3-46D2-B775-53768270D454}.Release|x86.ActiveCfg = Release|Any CPU
		{7A84EB10-0AE3-46D2-B775-53768270D454}.Release|x86.Build.0 = Release|Any CPU
		{A1DDB859-B843-4E55-A3D8-A4C1DABD012B}.Debug|Any CPU.ActiveCfg = Debug|Any CPU
		{A1DDB859-B843-4E55-A3D8-A4C1DABD012B}.Debug|Any CPU.Build.0 = Debug|Any CPU
		{A1DDB859-B843-4E55-A3D8-A4C1DABD012B}.Debug|x64.ActiveCfg = Debug|Any CPU
		{A1DDB859-B843-4E55-A3D8-A4C1DABD012B}.Debug|x64.Build.0 = Debug|Any CPU
		{A1DDB859-B843-4E55-A3D8-A4C1DABD012B}.Debug|x86.ActiveCfg = Debug|Any CPU
		{A1DDB859-B843-4E55-A3D8-A4C1DABD012B}.Debug|x86.Build.0 = Debug|Any CPU
		{A1DDB859-B843-4E55-A3D8-A4C1DABD012B}.Release|Any CPU.ActiveCfg = Release|Any CPU
		{A1DDB859-B843-4E55-A3D8-A4C1DABD012B}.Release|Any CPU.Build.0 = Release|Any CPU
		{A1DDB859-B843-4E55-A3D8-A4C1DABD012B}.Release|x64.ActiveCfg = Release|Any CPU
		{A1DDB859-B843-4E55-A3D8-A4C1DABD012B}.Release|x64.Build.0 = Release|Any CPU
		{A1DDB859-B843-4E55-A3D8-A4C1DABD012B}.Release|x86.ActiveCfg = Release|Any CPU
		{A1DDB859-B843-4E55-A3D8-A4C1DABD012B}.Release|x86.Build.0 = Release|Any CPU
		{5FC0F3C0-8619-4B18-95FF-EE3D5258CF04}.Debug|Any CPU.ActiveCfg = Debug|Any CPU
		{5FC0F3C0-8619-4B18-95FF-EE3D5258CF04}.Debug|Any CPU.Build.0 = Debug|Any CPU
		{5FC0F3C0-8619-4B18-95FF-EE3D5258CF04}.Debug|x64.ActiveCfg = Debug|Any CPU
		{5FC0F3C0-8619-4B18-95FF-EE3D5258CF04}.Debug|x64.Build.0 = Debug|Any CPU
		{5FC0F3C0-8619-4B18-95FF-EE3D5258CF04}.Debug|x86.ActiveCfg = Debug|Any CPU
		{5FC0F3C0-8619-4B18-95FF-EE3D5258CF04}.Debug|x86.Build.0 = Debug|Any CPU
		{5FC0F3C0-8619-4B18-95FF-EE3D5258CF04}.Release|Any CPU.ActiveCfg = Release|Any CPU
		{5FC0F3C0-8619-4B18-95FF-EE3D5258CF04}.Release|Any CPU.Build.0 = Release|Any CPU
		{5FC0F3C0-8619-4B18-95FF-EE3D5258CF04}.Release|x64.ActiveCfg = Release|Any CPU
		{5FC0F3C0-8619-4B18-95FF-EE3D5258CF04}.Release|x64.Build.0 = Release|Any CPU
		{5FC0F3C0-8619-4B18-95FF-EE3D5258CF04}.Release|x86.ActiveCfg = Release|Any CPU
		{5FC0F3C0-8619-4B18-95FF-EE3D5258CF04}.Release|x86.Build.0 = Release|Any CPU
		{A5829DB9-83E2-4458-A453-0A0E1FFFAF9E}.Debug|Any CPU.ActiveCfg = Debug|Any CPU
		{A5829DB9-83E2-4458-A453-0A0E1FFFAF9E}.Debug|Any CPU.Build.0 = Debug|Any CPU
		{A5829DB9-83E2-4458-A453-0A0E1FFFAF9E}.Debug|x64.ActiveCfg = Debug|Any CPU
		{A5829DB9-83E2-4458-A453-0A0E1FFFAF9E}.Debug|x64.Build.0 = Debug|Any CPU
		{A5829DB9-83E2-4458-A453-0A0E1FFFAF9E}.Debug|x86.ActiveCfg = Debug|Any CPU
		{A5829DB9-83E2-4458-A453-0A0E1FFFAF9E}.Debug|x86.Build.0 = Debug|Any CPU
		{A5829DB9-83E2-4458-A453-0A0E1FFFAF9E}.Release|Any CPU.ActiveCfg = Release|Any CPU
		{A5829DB9-83E2-4458-A453-0A0E1FFFAF9E}.Release|Any CPU.Build.0 = Release|Any CPU
		{A5829DB9-83E2-4458-A453-0A0E1FFFAF9E}.Release|x64.ActiveCfg = Release|Any CPU
		{A5829DB9-83E2-4458-A453-0A0E1FFFAF9E}.Release|x64.Build.0 = Release|Any CPU
		{A5829DB9-83E2-4458-A453-0A0E1FFFAF9E}.Release|x86.ActiveCfg = Release|Any CPU
		{A5829DB9-83E2-4458-A453-0A0E1FFFAF9E}.Release|x86.Build.0 = Release|Any CPU
		{7C5F8CAE-16DD-4B6D-8388-5117865343C1}.Debug|Any CPU.ActiveCfg = Debug|Any CPU
		{7C5F8CAE-16DD-4B6D-8388-5117865343C1}.Debug|Any CPU.Build.0 = Debug|Any CPU
		{7C5F8CAE-16DD-4B6D-8388-5117865343C1}.Debug|x64.ActiveCfg = Debug|Any CPU
		{7C5F8CAE-16DD-4B6D-8388-5117865343C1}.Debug|x64.Build.0 = Debug|Any CPU
		{7C5F8CAE-16DD-4B6D-8388-5117865343C1}.Debug|x86.ActiveCfg = Debug|Any CPU
		{7C5F8CAE-16DD-4B6D-8388-5117865343C1}.Debug|x86.Build.0 = Debug|Any CPU
		{7C5F8CAE-16DD-4B6D-8388-5117865343C1}.Release|Any CPU.ActiveCfg = Release|Any CPU
		{7C5F8CAE-16DD-4B6D-8388-5117865343C1}.Release|Any CPU.Build.0 = Release|Any CPU
		{7C5F8CAE-16DD-4B6D-8388-5117865343C1}.Release|x64.ActiveCfg = Release|Any CPU
		{7C5F8CAE-16DD-4B6D-8388-5117865343C1}.Release|x64.Build.0 = Release|Any CPU
		{7C5F8CAE-16DD-4B6D-8388-5117865343C1}.Release|x86.ActiveCfg = Release|Any CPU
		{7C5F8CAE-16DD-4B6D-8388-5117865343C1}.Release|x86.Build.0 = Release|Any CPU
		{500514A8-1D30-4F77-9863-BEC3BDF243BA}.Debug|Any CPU.ActiveCfg = Debug|Any CPU
		{500514A8-1D30-4F77-9863-BEC3BDF243BA}.Debug|Any CPU.Build.0 = Debug|Any CPU
		{500514A8-1D30-4F77-9863-BEC3BDF243BA}.Debug|x64.ActiveCfg = Debug|Any CPU
		{500514A8-1D30-4F77-9863-BEC3BDF243BA}.Debug|x64.Build.0 = Debug|Any CPU
		{500514A8-1D30-4F77-9863-BEC3BDF243BA}.Debug|x86.ActiveCfg = Debug|Any CPU
		{500514A8-1D30-4F77-9863-BEC3BDF243BA}.Debug|x86.Build.0 = Debug|Any CPU
		{500514A8-1D30-4F77-9863-BEC3BDF243BA}.Release|Any CPU.ActiveCfg = Release|Any CPU
		{500514A8-1D30-4F77-9863-BEC3BDF243BA}.Release|Any CPU.Build.0 = Release|Any CPU
		{500514A8-1D30-4F77-9863-BEC3BDF243BA}.Release|x64.ActiveCfg = Release|Any CPU
		{500514A8-1D30-4F77-9863-BEC3BDF243BA}.Release|x64.Build.0 = Release|Any CPU
		{500514A8-1D30-4F77-9863-BEC3BDF243BA}.Release|x86.ActiveCfg = Release|Any CPU
		{500514A8-1D30-4F77-9863-BEC3BDF243BA}.Release|x86.Build.0 = Release|Any CPU
		{1646B5B6-154D-462F-A603-81046AE82B6F}.Debug|Any CPU.ActiveCfg = Debug|Any CPU
		{1646B5B6-154D-462F-A603-81046AE82B6F}.Debug|Any CPU.Build.0 = Debug|Any CPU
		{1646B5B6-154D-462F-A603-81046AE82B6F}.Debug|x64.ActiveCfg = Debug|Any CPU
		{1646B5B6-154D-462F-A603-81046AE82B6F}.Debug|x64.Build.0 = Debug|Any CPU
		{1646B5B6-154D-462F-A603-81046AE82B6F}.Debug|x86.ActiveCfg = Debug|Any CPU
		{1646B5B6-154D-462F-A603-81046AE82B6F}.Debug|x86.Build.0 = Debug|Any CPU
		{1646B5B6-154D-462F-A603-81046AE82B6F}.Release|Any CPU.ActiveCfg = Release|Any CPU
		{1646B5B6-154D-462F-A603-81046AE82B6F}.Release|Any CPU.Build.0 = Release|Any CPU
		{1646B5B6-154D-462F-A603-81046AE82B6F}.Release|x64.ActiveCfg = Release|Any CPU
		{1646B5B6-154D-462F-A603-81046AE82B6F}.Release|x64.Build.0 = Release|Any CPU
		{1646B5B6-154D-462F-A603-81046AE82B6F}.Release|x86.ActiveCfg = Release|Any CPU
		{1646B5B6-154D-462F-A603-81046AE82B6F}.Release|x86.Build.0 = Release|Any CPU
		{8EFD4711-DAB8-41F3-A816-A6C6A2C83ED6}.Debug|Any CPU.ActiveCfg = Debug|Any CPU
		{8EFD4711-DAB8-41F3-A816-A6C6A2C83ED6}.Debug|Any CPU.Build.0 = Debug|Any CPU
		{8EFD4711-DAB8-41F3-A816-A6C6A2C83ED6}.Debug|x64.ActiveCfg = Debug|Any CPU
		{8EFD4711-DAB8-41F3-A816-A6C6A2C83ED6}.Debug|x64.Build.0 = Debug|Any CPU
		{8EFD4711-DAB8-41F3-A816-A6C6A2C83ED6}.Debug|x86.ActiveCfg = Debug|Any CPU
		{8EFD4711-DAB8-41F3-A816-A6C6A2C83ED6}.Debug|x86.Build.0 = Debug|Any CPU
		{8EFD4711-DAB8-41F3-A816-A6C6A2C83ED6}.Release|Any CPU.ActiveCfg = Release|Any CPU
		{8EFD4711-DAB8-41F3-A816-A6C6A2C83ED6}.Release|Any CPU.Build.0 = Release|Any CPU
		{8EFD4711-DAB8-41F3-A816-A6C6A2C83ED6}.Release|x64.ActiveCfg = Release|Any CPU
		{8EFD4711-DAB8-41F3-A816-A6C6A2C83ED6}.Release|x64.Build.0 = Release|Any CPU
		{8EFD4711-DAB8-41F3-A816-A6C6A2C83ED6}.Release|x86.ActiveCfg = Release|Any CPU
		{8EFD4711-DAB8-41F3-A816-A6C6A2C83ED6}.Release|x86.Build.0 = Release|Any CPU
		{B299EB99-AAE6-405F-9B1F-94FDF5F3A859}.Debug|Any CPU.ActiveCfg = Debug|Any CPU
		{B299EB99-AAE6-405F-9B1F-94FDF5F3A859}.Debug|Any CPU.Build.0 = Debug|Any CPU
		{B299EB99-AAE6-405F-9B1F-94FDF5F3A859}.Debug|x64.ActiveCfg = Debug|Any CPU
		{B299EB99-AAE6-405F-9B1F-94FDF5F3A859}.Debug|x64.Build.0 = Debug|Any CPU
		{B299EB99-AAE6-405F-9B1F-94FDF5F3A859}.Debug|x86.ActiveCfg = Debug|Any CPU
		{B299EB99-AAE6-405F-9B1F-94FDF5F3A859}.Debug|x86.Build.0 = Debug|Any CPU
		{B299EB99-AAE6-405F-9B1F-94FDF5F3A859}.Release|Any CPU.ActiveCfg = Release|Any CPU
		{B299EB99-AAE6-405F-9B1F-94FDF5F3A859}.Release|Any CPU.Build.0 = Release|Any CPU
		{B299EB99-AAE6-405F-9B1F-94FDF5F3A859}.Release|x64.ActiveCfg = Release|Any CPU
		{B299EB99-AAE6-405F-9B1F-94FDF5F3A859}.Release|x64.Build.0 = Release|Any CPU
		{B299EB99-AAE6-405F-9B1F-94FDF5F3A859}.Release|x86.ActiveCfg = Release|Any CPU
		{B299EB99-AAE6-405F-9B1F-94FDF5F3A859}.Release|x86.Build.0 = Release|Any CPU
		{17AC886D-C6D2-4045-B95B-B9A3BCD6009F}.Debug|Any CPU.ActiveCfg = Debug|Any CPU
		{17AC886D-C6D2-4045-B95B-B9A3BCD6009F}.Debug|Any CPU.Build.0 = Debug|Any CPU
		{17AC886D-C6D2-4045-B95B-B9A3BCD6009F}.Debug|x64.ActiveCfg = Debug|Any CPU
		{17AC886D-C6D2-4045-B95B-B9A3BCD6009F}.Debug|x64.Build.0 = Debug|Any CPU
		{17AC886D-C6D2-4045-B95B-B9A3BCD6009F}.Debug|x86.ActiveCfg = Debug|Any CPU
		{17AC886D-C6D2-4045-B95B-B9A3BCD6009F}.Debug|x86.Build.0 = Debug|Any CPU
		{17AC886D-C6D2-4045-B95B-B9A3BCD6009F}.Release|Any CPU.ActiveCfg = Release|Any CPU
		{17AC886D-C6D2-4045-B95B-B9A3BCD6009F}.Release|Any CPU.Build.0 = Release|Any CPU
		{17AC886D-C6D2-4045-B95B-B9A3BCD6009F}.Release|x64.ActiveCfg = Release|Any CPU
		{17AC886D-C6D2-4045-B95B-B9A3BCD6009F}.Release|x64.Build.0 = Release|Any CPU
		{17AC886D-C6D2-4045-B95B-B9A3BCD6009F}.Release|x86.ActiveCfg = Release|Any CPU
		{17AC886D-C6D2-4045-B95B-B9A3BCD6009F}.Release|x86.Build.0 = Release|Any CPU
		{D081981E-E0EA-4896-AAEC-FBE40348358C}.Debug|Any CPU.ActiveCfg = Debug|Any CPU
		{D081981E-E0EA-4896-AAEC-FBE40348358C}.Debug|Any CPU.Build.0 = Debug|Any CPU
		{D081981E-E0EA-4896-AAEC-FBE40348358C}.Debug|x64.ActiveCfg = Debug|Any CPU
		{D081981E-E0EA-4896-AAEC-FBE40348358C}.Debug|x64.Build.0 = Debug|Any CPU
		{D081981E-E0EA-4896-AAEC-FBE40348358C}.Debug|x86.ActiveCfg = Debug|Any CPU
		{D081981E-E0EA-4896-AAEC-FBE40348358C}.Debug|x86.Build.0 = Debug|Any CPU
		{D081981E-E0EA-4896-AAEC-FBE40348358C}.Release|Any CPU.ActiveCfg = Release|Any CPU
		{D081981E-E0EA-4896-AAEC-FBE40348358C}.Release|Any CPU.Build.0 = Release|Any CPU
		{D081981E-E0EA-4896-AAEC-FBE40348358C}.Release|x64.ActiveCfg = Release|Any CPU
		{D081981E-E0EA-4896-AAEC-FBE40348358C}.Release|x64.Build.0 = Release|Any CPU
		{D081981E-E0EA-4896-AAEC-FBE40348358C}.Release|x86.ActiveCfg = Release|Any CPU
		{D081981E-E0EA-4896-AAEC-FBE40348358C}.Release|x86.Build.0 = Release|Any CPU
		{CD245506-E8BC-401C-A3D6-3E2460AB5771}.Debug|Any CPU.ActiveCfg = Debug|Any CPU
		{CD245506-E8BC-401C-A3D6-3E2460AB5771}.Debug|Any CPU.Build.0 = Debug|Any CPU
		{CD245506-E8BC-401C-A3D6-3E2460AB5771}.Debug|x64.ActiveCfg = Debug|Any CPU
		{CD245506-E8BC-401C-A3D6-3E2460AB5771}.Debug|x64.Build.0 = Debug|Any CPU
		{CD245506-E8BC-401C-A3D6-3E2460AB5771}.Debug|x86.ActiveCfg = Debug|Any CPU
		{CD245506-E8BC-401C-A3D6-3E2460AB5771}.Debug|x86.Build.0 = Debug|Any CPU
		{CD245506-E8BC-401C-A3D6-3E2460AB5771}.Release|Any CPU.ActiveCfg = Release|Any CPU
		{CD245506-E8BC-401C-A3D6-3E2460AB5771}.Release|Any CPU.Build.0 = Release|Any CPU
		{CD245506-E8BC-401C-A3D6-3E2460AB5771}.Release|x64.ActiveCfg = Release|Any CPU
		{CD245506-E8BC-401C-A3D6-3E2460AB5771}.Release|x64.Build.0 = Release|Any CPU
		{CD245506-E8BC-401C-A3D6-3E2460AB5771}.Release|x86.ActiveCfg = Release|Any CPU
		{CD245506-E8BC-401C-A3D6-3E2460AB5771}.Release|x86.Build.0 = Release|Any CPU
		{EB1B5F8D-6A95-46C2-9D8A-A60D39C36AF0}.Debug|Any CPU.ActiveCfg = Debug|Any CPU
		{EB1B5F8D-6A95-46C2-9D8A-A60D39C36AF0}.Debug|Any CPU.Build.0 = Debug|Any CPU
		{EB1B5F8D-6A95-46C2-9D8A-A60D39C36AF0}.Debug|x64.ActiveCfg = Debug|Any CPU
		{EB1B5F8D-6A95-46C2-9D8A-A60D39C36AF0}.Debug|x64.Build.0 = Debug|Any CPU
		{EB1B5F8D-6A95-46C2-9D8A-A60D39C36AF0}.Debug|x86.ActiveCfg = Debug|Any CPU
		{EB1B5F8D-6A95-46C2-9D8A-A60D39C36AF0}.Debug|x86.Build.0 = Debug|Any CPU
		{EB1B5F8D-6A95-46C2-9D8A-A60D39C36AF0}.Release|Any CPU.ActiveCfg = Release|Any CPU
		{EB1B5F8D-6A95-46C2-9D8A-A60D39C36AF0}.Release|Any CPU.Build.0 = Release|Any CPU
		{EB1B5F8D-6A95-46C2-9D8A-A60D39C36AF0}.Release|x64.ActiveCfg = Release|Any CPU
		{EB1B5F8D-6A95-46C2-9D8A-A60D39C36AF0}.Release|x64.Build.0 = Release|Any CPU
		{EB1B5F8D-6A95-46C2-9D8A-A60D39C36AF0}.Release|x86.ActiveCfg = Release|Any CPU
		{EB1B5F8D-6A95-46C2-9D8A-A60D39C36AF0}.Release|x86.Build.0 = Release|Any CPU
	EndGlobalSection
	GlobalSection(SolutionProperties) = preSolution
		HideSolutionNode = FALSE
	EndGlobalSection
	GlobalSection(NestedProjects) = preSolution
		{90298CBA-BD6F-3A0A-69D5-97CAD7B05E7E} = {827E0CD3-B72D-47B6-A68D-7590B98EB39B}
		{4C5D6F84-10E3-4F07-9508-7B9D3A4CDF7A} = {90298CBA-BD6F-3A0A-69D5-97CAD7B05E7E}
		{26D92400-A533-402B-997C-66C397E2B6C0} = {90298CBA-BD6F-3A0A-69D5-97CAD7B05E7E}
		{838DD767-6842-4F44-BA0B-F8F16C5C3106} = {90298CBA-BD6F-3A0A-69D5-97CAD7B05E7E}
		{7A84EB10-0AE3-46D2-B775-53768270D454} = {90298CBA-BD6F-3A0A-69D5-97CAD7B05E7E}
		{984BB9B3-3FA3-BE33-9484-CAC21695A33C} = {827E0CD3-B72D-47B6-A68D-7590B98EB39B}
		{1BFC9479-12BF-35C3-06B8-42D89D95092B} = {984BB9B3-3FA3-BE33-9484-CAC21695A33C}
		{A1DDB859-B843-4E55-A3D8-A4C1DABD012B} = {1BFC9479-12BF-35C3-06B8-42D89D95092B}
		{5FC0F3C0-8619-4B18-95FF-EE3D5258CF04} = {1BFC9479-12BF-35C3-06B8-42D89D95092B}
		{A5829DB9-83E2-4458-A453-0A0E1FFFAF9E} = {1BFC9479-12BF-35C3-06B8-42D89D95092B}
		{7C5F8CAE-16DD-4B6D-8388-5117865343C1} = {1BFC9479-12BF-35C3-06B8-42D89D95092B}
		{500514A8-1D30-4F77-9863-BEC3BDF243BA} = {1BFC9479-12BF-35C3-06B8-42D89D95092B}
		{02EA681E-C7D8-13C7-8484-4AC65E1B71E8} = {984BB9B3-3FA3-BE33-9484-CAC21695A33C}
		{1646B5B6-154D-462F-A603-81046AE82B6F} = {02EA681E-C7D8-13C7-8484-4AC65E1B71E8}
		{8EFD4711-DAB8-41F3-A816-A6C6A2C83ED6} = {02EA681E-C7D8-13C7-8484-4AC65E1B71E8}
		{B299EB99-AAE6-405F-9B1F-94FDF5F3A859} = {02EA681E-C7D8-13C7-8484-4AC65E1B71E8}
		{17AC886D-C6D2-4045-B95B-B9A3BCD6009F} = {02EA681E-C7D8-13C7-8484-4AC65E1B71E8}
		{D081981E-E0EA-4896-AAEC-FBE40348358C} = {02EA681E-C7D8-13C7-8484-4AC65E1B71E8}
		{B61DE3E2-6B97-4097-B0A3-69E0B64155F9} = {984BB9B3-3FA3-BE33-9484-CAC21695A33C}
		{CD245506-E8BC-401C-A3D6-3E2460AB5771} = {B61DE3E2-6B97-4097-B0A3-69E0B64155F9}
		{EB1B5F8D-6A95-46C2-9D8A-A60D39C36AF0} = {B61DE3E2-6B97-4097-B0A3-69E0B64155F9}
	EndGlobalSection
	GlobalSection(ExtensibilityGlobals) = postSolution
		SolutionGuid = {68CAE6CE-A574-4022-B059-DFE577E8B487}
	EndGlobalSection
EndGlobal
